
Microsoft Visual Studio Solution File, Format Version 12.00
# Visual Studio Version 17
VisualStudioVersion = 17.9.34723.18
MinimumVisualStudioVersion = 10.0.40219.1
Project("{9A19103F-16F7-4668-BE54-9A1E7A4F7556}") = "FurEverCarePlatform.API", "FurEverCarePlatform.API\FurEverCarePlatform.API.csproj", "{B59415B8-91D4-46F5-9EAE-95454A725671}"
EndProject
Project("{FAE04EC0-301F-11D3-BF4B-00C04F79EFBC}") = "FurEverCarePlatform.Domain", "FurEverCarePlatform.Domain\FurEverCarePlatform.Domain.csproj", "{174531C9-15F5-4FC5-A652-2A1F384E513D}"
EndProject
Project("{FAE04EC0-301F-11D3-BF4B-00C04F79EFBC}") = "FurEverCarePlatform.Application", "FurEverCarePlatform.Application\FurEverCarePlatform.Application.csproj", "{411A5F50-0327-43AE-9B86-D30012F7EC5E}"
EndProject
Project("{2150E333-8FDC-42A3-9474-1A3956D46DE8}") = "Infrastructure", "Infrastructure", "{84CD79AF-D1E6-42B8-AAB3-33F63C013171}"
	ProjectSection(SolutionItems) = preProject
		.dockerignore = .dockerignore
		.editorconfig = .editorconfig
		.gitignore = .gitignore
		Dockerfile = Dockerfile
	EndProjectSection
EndProject
Project("{FAE04EC0-301F-11D3-BF4B-00C04F79EFBC}") = "FurEverCarePlatform.Persistence", "FurEverCarePlatform.Persistence\FurEverCarePlatform.Persistence.csproj", "{D8FD7118-5D53-4AEB-8473-DEDFAC223442}"
EndProject
Global
	GlobalSection(SolutionConfigurationPlatforms) = preSolution
		Debug|Any CPU = Debug|Any CPU
		Release|Any CPU = Release|Any CPU
	EndGlobalSection
	GlobalSection(ProjectConfigurationPlatforms) = postSolution
		{B59415B8-91D4-46F5-9EAE-95454A725671}.Debug|Any CPU.ActiveCfg = Debug|Any CPU
		{B59415B8-91D4-46F5-9EAE-95454A725671}.Debug|Any CPU.Build.0 = Debug|Any CPU
		{B59415B8-91D4-46F5-9EAE-95454A725671}.Release|Any CPU.ActiveCfg = Release|Any CPU
		{B59415B8-91D4-46F5-9EAE-95454A725671}.Release|Any CPU.Build.0 = Release|Any CPU
		{174531C9-15F5-4FC5-A652-2A1F384E513D}.Debug|Any CPU.ActiveCfg = Debug|Any CPU
		{174531C9-15F5-4FC5-A652-2A1F384E513D}.Debug|Any CPU.Build.0 = Debug|Any CPU
		{174531C9-15F5-4FC5-A652-2A1F384E513D}.Release|Any CPU.ActiveCfg = Release|Any CPU
		{174531C9-15F5-4FC5-A652-2A1F384E513D}.Release|Any CPU.Build.0 = Release|Any CPU
		{411A5F50-0327-43AE-9B86-D30012F7EC5E}.Debug|Any CPU.ActiveCfg = Debug|Any CPU
		{411A5F50-0327-43AE-9B86-D30012F7EC5E}.Debug|Any CPU.Build.0 = Debug|Any CPU
		{411A5F50-0327-43AE-9B86-D30012F7EC5E}.Release|Any CPU.ActiveCfg = Release|Any CPU
		{411A5F50-0327-43AE-9B86-D30012F7EC5E}.Release|Any CPU.Build.0 = Release|Any CPU
		{D8FD7118-5D53-4AEB-8473-DEDFAC223442}.Debug|Any CPU.ActiveCfg = Debug|Any CPU
		{D8FD7118-5D53-4AEB-8473-DEDFAC223442}.Debug|Any CPU.Build.0 = Debug|Any CPU
		{D8FD7118-5D53-4AEB-8473-DEDFAC223442}.Release|Any CPU.ActiveCfg = Release|Any CPU
		{D8FD7118-5D53-4AEB-8473-DEDFAC223442}.Release|Any CPU.Build.0 = Release|Any CPU
	EndGlobalSection
	GlobalSection(SolutionProperties) = preSolution
		HideSolutionNode = FALSE
	EndGlobalSection
	GlobalSection(NestedProjects) = preSolution
		{D8FD7118-5D53-4AEB-8473-DEDFAC223442} = {84CD79AF-D1E6-42B8-AAB3-33F63C013171}
	EndGlobalSection
	GlobalSection(ExtensibilityGlobals) = postSolution
		SolutionGuid = {2BA2D7D8-01B2-4EAD-B558-CCEA2F64ADC0}
	EndGlobalSection
EndGlobal
